
Microsoft Visual Studio Solution File, Format Version 12.00
# Visual Studio Version 17
VisualStudioVersion = 17.3.32825.248
MinimumVisualStudioVersion = 10.0.40219.1
Project("{FAE04EC0-301F-11D3-BF4B-00C04F79EFBC}") = "Exercicio8", "Exercicio8.csproj", "{533CC578-C31F-49CE-AC38-97E321D89839}"
EndProject
Global
	GlobalSection(SolutionConfigurationPlatforms) = preSolution
		Debug|Any CPU = Debug|Any CPU
		Release|Any CPU = Release|Any CPU
	EndGlobalSection
	GlobalSection(ProjectConfigurationPlatforms) = postSolution
		{533CC578-C31F-49CE-AC38-97E321D89839}.Debug|Any CPU.ActiveCfg = Debug|Any CPU
		{533CC578-C31F-49CE-AC38-97E321D89839}.Debug|Any CPU.Build.0 = Debug|Any CPU
		{533CC578-C31F-49CE-AC38-97E321D89839}.Release|Any CPU.ActiveCfg = Release|Any CPU
		{533CC578-C31F-49CE-AC38-97E321D89839}.Release|Any CPU.Build.0 = Release|Any CPU
	EndGlobalSection
	GlobalSection(SolutionProperties) = preSolution
		HideSolutionNode = FALSE
	EndGlobalSection
	GlobalSection(ExtensibilityGlobals) = postSolution
		SolutionGuid = {F04FE75A-94AA-4BC0-9690-6B4519E83E27}
	EndGlobalSection
EndGlobal
