
Microsoft Visual Studio Solution File, Format Version 12.00
# Visual Studio Version 17
VisualStudioVersion = 17.3.32825.248
MinimumVisualStudioVersion = 10.0.40219.1
Project("{FAE04EC0-301F-11D3-BF4B-00C04F79EFBC}") = "Exercicio1", "Exercicio1.csproj", "{B3D4F02C-8654-4006-8411-25F44EFA2258}"
EndProject
Global
	GlobalSection(SolutionConfigurationPlatforms) = preSolution
		Debug|Any CPU = Debug|Any CPU
		Release|Any CPU = Release|Any CPU
	EndGlobalSection
	GlobalSection(ProjectConfigurationPlatforms) = postSolution
		{B3D4F02C-8654-4006-8411-25F44EFA2258}.Debug|Any CPU.ActiveCfg = Debug|Any CPU
		{B3D4F02C-8654-4006-8411-25F44EFA2258}.Debug|Any CPU.Build.0 = Debug|Any CPU
		{B3D4F02C-8654-4006-8411-25F44EFA2258}.Release|Any CPU.ActiveCfg = Release|Any CPU
		{B3D4F02C-8654-4006-8411-25F44EFA2258}.Release|Any CPU.Build.0 = Release|Any CPU
	EndGlobalSection
	GlobalSection(SolutionProperties) = preSolution
		HideSolutionNode = FALSE
	EndGlobalSection
	GlobalSection(ExtensibilityGlobals) = postSolution
		SolutionGuid = {4BD0D355-5E16-431A-BE92-29D9A6014ABE}
	EndGlobalSection
EndGlobal
